
Microsoft Visual Studio Solution File, Format Version 12.00
# Visual Studio Version 16
VisualStudioVersion = 16.0.32228.343
MinimumVisualStudioVersion = 10.0.40219.1
Project("{FAE04EC0-301F-11D3-BF4B-00C04F79EFBC}") = "ProductApi", "ProductApi\ProductApi.csproj", "{62E92ED6-CB8A-4410-AB96-0E5075E787E9}"
EndProject
Project("{FAE04EC0-301F-11D3-BF4B-00C04F79EFBC}") = "CustomerApi", "CustomerApi\CustomerApi.csproj", "{3DE75A6A-ED31-4182-9A61-3F519C4261D6}"
EndProject
Project("{FAE04EC0-301F-11D3-BF4B-00C04F79EFBC}") = "ApiGateway", "ApiGateway\ApiGateway.csproj", "{E359957D-6913-44F2-832B-07F28D1C03A5}"
EndProject
Project("{FAE04EC0-301F-11D3-BF4B-00C04F79EFBC}") = "WebUI", "WebUI\WebUI.csproj", "{ADB9E412-413F-4649-954F-7426DCAE5494}"
EndProject
Global
	GlobalSection(SolutionConfigurationPlatforms) = preSolution
		Debug|Any CPU = Debug|Any CPU
		Release|Any CPU = Release|Any CPU
	EndGlobalSection
	GlobalSection(ProjectConfigurationPlatforms) = postSolution
		{62E92ED6-CB8A-4410-AB96-0E5075E787E9}.Debug|Any CPU.ActiveCfg = Debug|Any CPU
		{62E92ED6-CB8A-4410-AB96-0E5075E787E9}.Debug|Any CPU.Build.0 = Debug|Any CPU
		{62E92ED6-CB8A-4410-AB96-0E5075E787E9}.Release|Any CPU.ActiveCfg = Release|Any CPU
		{62E92ED6-CB8A-4410-AB96-0E5075E787E9}.Release|Any CPU.Build.0 = Release|Any CPU
		{3DE75A6A-ED31-4182-9A61-3F519C4261D6}.Debug|Any CPU.ActiveCfg = Debug|Any CPU
		{3DE75A6A-ED31-4182-9A61-3F519C4261D6}.Debug|Any CPU.Build.0 = Debug|Any CPU
		{3DE75A6A-ED31-4182-9A61-3F519C4261D6}.Release|Any CPU.ActiveCfg = Release|Any CPU
		{3DE75A6A-ED31-4182-9A61-3F519C4261D6}.Release|Any CPU.Build.0 = Release|Any CPU
		{E359957D-6913-44F2-832B-07F28D1C03A5}.Debug|Any CPU.ActiveCfg = Debug|Any CPU
		{E359957D-6913-44F2-832B-07F28D1C03A5}.Debug|Any CPU.Build.0 = Debug|Any CPU
		{E359957D-6913-44F2-832B-07F28D1C03A5}.Release|Any CPU.ActiveCfg = Release|Any CPU
		{E359957D-6913-44F2-832B-07F28D1C03A5}.Release|Any CPU.Build.0 = Release|Any CPU
		{ADB9E412-413F-4649-954F-7426DCAE5494}.Debug|Any CPU.ActiveCfg = Debug|Any CPU
		{ADB9E412-413F-4649-954F-7426DCAE5494}.Debug|Any CPU.Build.0 = Debug|Any CPU
		{ADB9E412-413F-4649-954F-7426DCAE5494}.Release|Any CPU.ActiveCfg = Release|Any CPU
		{ADB9E412-413F-4649-954F-7426DCAE5494}.Release|Any CPU.Build.0 = Release|Any CPU
	EndGlobalSection
	GlobalSection(SolutionProperties) = preSolution
		HideSolutionNode = FALSE
	EndGlobalSection
	GlobalSection(ExtensibilityGlobals) = postSolution
		SolutionGuid = {BEC83490-9702-4964-B075-D9421719ABF9}
	EndGlobalSection
EndGlobal
